// !$*UTF8*$!
{
	archiveVersion = 1;
	classes = {
	};
	objectVersion = 46;
	objects = {

/* Begin PBXBuildFile section */
		8591B956152FB63400628693 /* UIKit.framework in Frameworks */ = {isa = PBXBuildFile; fileRef = 8591B955152FB63400628693 /* UIKit.framework */; };
		8591B958152FB63400628693 /* Foundation.framework in Frameworks */ = {isa = PBXBuildFile; fileRef = 8591B957152FB63400628693 /* Foundation.framework */; };
		8591B95A152FB63400628693 /* CoreGraphics.framework in Frameworks */ = {isa = PBXBuildFile; fileRef = 8591B959152FB63400628693 /* CoreGraphics.framework */; };
		8591B960152FB63400628693 /* InfoPlist.strings in Resources */ = {isa = PBXBuildFile; fileRef = 8591B95E152FB63400628693 /* InfoPlist.strings */; };
		8591B962152FB63400628693 /* main.m in Sources */ = {isa = PBXBuildFile; fileRef = 8591B961152FB63400628693 /* main.m */; };
		8591B966152FB63400628693 /* AppDelegate.m in Sources */ = {isa = PBXBuildFile; fileRef = 8591B965152FB63400628693 /* AppDelegate.m */; };
		8591B96E152FB63400628693 /* SenTestingKit.framework in Frameworks */ = {isa = PBXBuildFile; fileRef = 8591B96D152FB63400628693 /* SenTestingKit.framework */; };
		8591B96F152FB63400628693 /* UIKit.framework in Frameworks */ = {isa = PBXBuildFile; fileRef = 8591B955152FB63400628693 /* UIKit.framework */; };
		8591B970152FB63400628693 /* Foundation.framework in Frameworks */ = {isa = PBXBuildFile; fileRef = 8591B957152FB63400628693 /* Foundation.framework */; };
		8591B978152FB63400628693 /* InfoPlist.strings in Resources */ = {isa = PBXBuildFile; fileRef = 8591B976152FB63400628693 /* InfoPlist.strings */; };
		8591B97B152FB63400628693 /* YouponTests.m in Sources */ = {isa = PBXBuildFile; fileRef = 8591B97A152FB63400628693 /* YouponTests.m */; };
/* End PBXBuildFile section */

/* Begin PBXContainerItemProxy section */
		8591B971152FB63400628693 /* PBXContainerItemProxy */ = {
			isa = PBXContainerItemProxy;
			containerPortal = 8591B948152FB63400628693 /* Project object */;
			proxyType = 1;
			remoteGlobalIDString = 8591B950152FB63400628693;
			remoteInfo = Youpon;
		};
/* End PBXContainerItemProxy section */

/* Begin PBXFileReference section */
		8591B951152FB63400628693 /* Youpon.app */ = {isa = PBXFileReference; explicitFileType = wrapper.application; includeInIndex = 0; path = Youpon.app; sourceTree = BUILT_PRODUCTS_DIR; };
		8591B955152FB63400628693 /* UIKit.framework */ = {isa = PBXFileReference; lastKnownFileType = wrapper.framework; name = UIKit.framework; path = System/Library/Frameworks/UIKit.framework; sourceTree = SDKROOT; };
		8591B957152FB63400628693 /* Foundation.framework */ = {isa = PBXFileReference; lastKnownFileType = wrapper.framework; name = Foundation.framework; path = System/Library/Frameworks/Foundation.framework; sourceTree = SDKROOT; };
		8591B959152FB63400628693 /* CoreGraphics.framework */ = {isa = PBXFileReference; lastKnownFileType = wrapper.framework; name = CoreGraphics.framework; path = System/Library/Frameworks/CoreGraphics.framework; sourceTree = SDKROOT; };
		8591B95D152FB63400628693 /* Youpon-Info.plist */ = {isa = PBXFileReference; path = "Youpon-Info.plist"; sourceTree = "<group>"; };
		8591B95F152FB63400628693 /* en */ = {isa = PBXFileReference; lastKnownFileType = text.plist.strings; name = en; path = en.lproj/InfoPlist.strings; sourceTree = "<group>"; };
		8591B961152FB63400628693 /* main.m */ = {isa = PBXFileReference; lastKnownFileType = sourcecode.c.objc; path = main.m; sourceTree = "<group>"; };
		8591B963152FB63400628693 /* Youpon-Prefix.pch */ = {isa = PBXFileReference; path = "Youpon-Prefix.pch"; sourceTree = "<group>"; };
		8591B964152FB63400628693 /* AppDelegate.h */ = {isa = PBXFileReference; path = AppDelegate.h; sourceTree = "<group>"; };
		8591B965152FB63400628693 /* AppDelegate.m */ = {isa = PBXFileReference; lastKnownFileType = sourcecode.c.objc; path = AppDelegate.m; sourceTree = "<group>"; };
		8591B96C152FB63400628693 /* YouponTests.octest */ = {isa = PBXFileReference; explicitFileType = wrapper.cfbundle; includeInIndex = 0; path = YouponTests.octest; sourceTree = BUILT_PRODUCTS_DIR; };
		8591B96D152FB63400628693 /* SenTestingKit.framework */ = {isa = PBXFileReference; lastKnownFileType = wrapper.framework; name = SenTestingKit.framework; path = Library/Frameworks/SenTestingKit.framework; sourceTree = DEVELOPER_DIR; };
		8591B975152FB63400628693 /* YouponTests-Info.plist */ = {isa = PBXFileReference; path = "YouponTests-Info.plist"; sourceTree = "<group>"; };
		8591B977152FB63400628693 /* en */ = {isa = PBXFileReference; lastKnownFileType = text.plist.strings; name = en; path = en.lproj/InfoPlist.strings; sourceTree = "<group>"; };
		8591B979152FB63400628693 /* YouponTests.h */ = {isa = PBXFileReference; path = YouponTests.h; sourceTree = "<group>"; };
		8591B97A152FB63400628693 /* YouponTests.m */ = {isa = PBXFileReference; lastKnownFileType = sourcecode.c.objc; path = YouponTests.m; sourceTree = "<group>"; };
/* End PBXFileReference section */

/* Begin PBXFrameworksBuildPhase section */
		8591B94E152FB63400628693 /* Frameworks */ = {
			isa = PBXFrameworksBuildPhase;
			buildActionMask = 2147483647;
			files = (
				8591B956152FB63400628693 /* UIKit.framework in Frameworks */,
				8591B958152FB63400628693 /* Foundation.framework in Frameworks */,
				8591B95A152FB63400628693 /* CoreGraphics.framework in Frameworks */,
			);
			runOnlyForDeploymentPostprocessing = 0;
		};
		8591B968152FB63400628693 /* Frameworks */ = {
			isa = PBXFrameworksBuildPhase;
			buildActionMask = 2147483647;
			files = (
				8591B96E152FB63400628693 /* SenTestingKit.framework in Frameworks */,
				8591B96F152FB63400628693 /* UIKit.framework in Frameworks */,
				8591B970152FB63400628693 /* Foundation.framework in Frameworks */,
			);
			runOnlyForDeploymentPostprocessing = 0;
		};
/* End PBXFrameworksBuildPhase section */

/* Begin PBXGroup section */
		8591B946152FB63400628693 = {
			isa = PBXGroup;
			children = (
				8591B95B152FB63400628693 /* Youpon */,
				8591B973152FB63400628693 /* YouponTests */,
				8591B954152FB63400628693 /* Frameworks */,
				8591B952152FB63400628693 /* Products */,
			);
			sourceTree = "<group>";
		};
		8591B952152FB63400628693 /* Products */ = {
			isa = PBXGroup;
			children = (
				8591B951152FB63400628693 /* Youpon.app */,
				8591B96C152FB63400628693 /* YouponTests.octest */,
			);
			name = Products;
			sourceTree = "<group>";
		};
		8591B954152FB63400628693 /* Frameworks */ = {
			isa = PBXGroup;
			children = (
				8591B955152FB63400628693 /* UIKit.framework */,
				8591B957152FB63400628693 /* Foundation.framework */,
				8591B959152FB63400628693 /* CoreGraphics.framework */,
				8591B96D152FB63400628693 /* SenTestingKit.framework */,
			);
			name = Frameworks;
			sourceTree = "<group>";
		};
		8591B95B152FB63400628693 /* Youpon */ = {
			isa = PBXGroup;
			children = (
				8591B964152FB63400628693 /* AppDelegate.h */,
				8591B965152FB63400628693 /* AppDelegate.m */,
				8591B95C152FB63400628693 /* Supporting Files */,
			);
			path = Youpon;
			sourceTree = "<group>";
		};
		8591B95C152FB63400628693 /* Supporting Files */ = {
			isa = PBXGroup;
			children = (
				8591B95D152FB63400628693 /* Youpon-Info.plist */,
				8591B95E152FB63400628693 /* InfoPlist.strings */,
				8591B961152FB63400628693 /* main.m */,
				8591B963152FB63400628693 /* Youpon-Prefix.pch */,
			);
			name = "Supporting Files";
			sourceTree = "<group>";
		};
		8591B973152FB63400628693 /* YouponTests */ = {
			isa = PBXGroup;
			children = (
				8591B979152FB63400628693 /* YouponTests.h */,
				8591B97A152FB63400628693 /* YouponTests.m */,
				8591B974152FB63400628693 /* Supporting Files */,
			);
			path = YouponTests;
			sourceTree = "<group>";
		};
		8591B974152FB63400628693 /* Supporting Files */ = {
			isa = PBXGroup;
			children = (
				8591B975152FB63400628693 /* YouponTests-Info.plist */,
				8591B976152FB63400628693 /* InfoPlist.strings */,
			);
			name = "Supporting Files";
			sourceTree = "<group>";
		};
/* End PBXGroup section */

/* Begin PBXNativeTarget section */
		8591B950152FB63400628693 /* Youpon */ = {
			isa = PBXNativeTarget;
			buildConfigurationList = 8591B97E152FB63400628693 /* Build configuration list for PBXNativeTarget "Youpon" */;
			buildPhases = (
				8591B94D152FB63400628693 /* Sources */,
				8591B94E152FB63400628693 /* Frameworks */,
				8591B94F152FB63400628693 /* Resources */,
			);
			buildRules = (
			);
			dependencies = (
			);
			name = Youpon;
			productName = Youpon;
			productReference = 8591B951152FB63400628693 /* Youpon.app */;
			productType = "com.apple.product-type.application";
		};
		8591B96B152FB63400628693 /* YouponTests */ = {
			isa = PBXNativeTarget;
			buildConfigurationList = 8591B981152FB63400628693 /* Build configuration list for PBXNativeTarget "YouponTests" */;
			buildPhases = (
				8591B967152FB63400628693 /* Sources */,
				8591B968152FB63400628693 /* Frameworks */,
				8591B969152FB63400628693 /* Resources */,
				8591B96A152FB63400628693 /* ShellScript */,
			);
			buildRules = (
			);
			dependencies = (
				8591B972152FB63400628693 /* PBXTargetDependency */,
			);
			name = YouponTests;
			productName = YouponTests;
			productReference = 8591B96C152FB63400628693 /* YouponTests.octest */;
			productType = "com.apple.product-type.bundle";
		};
/* End PBXNativeTarget section */

/* Begin PBXProject section */
		8591B948152FB63400628693 /* Project object */ = {
			isa = PBXProject;
			attributes = {
				LastUpgradeCheck = 0420;
				ORGANIZATIONNAME = "Garrison Prinslow";
			};
			buildConfigurationList = 8591B94B152FB63400628693 /* Build configuration list for PBXProject "Youpon" */;
			compatibilityVersion = "Xcode 3.2";
			developmentRegion = English;
			hasScannedForEncodings = 0;
			knownRegions = (
				en,
			);
			mainGroup = 8591B946152FB63400628693;
			productRefGroup = 8591B952152FB63400628693 /* Products */;
			projectDirPath = "";
			projectRoot = "";
			targets = (
				8591B950152FB63400628693 /* Youpon */,
				8591B96B152FB63400628693 /* YouponTests */,
			);
		};
/* End PBXProject section */

/* Begin PBXResourcesBuildPhase section */
		8591B94F152FB63400628693 /* Resources */ = {
			isa = PBXResourcesBuildPhase;
			buildActionMask = 2147483647;
			files = (
				8591B960152FB63400628693 /* InfoPlist.strings in Resources */,
			);
			runOnlyForDeploymentPostprocessing = 0;
		};
		8591B969152FB63400628693 /* Resources */ = {
			isa = PBXResourcesBuildPhase;
			buildActionMask = 2147483647;
			files = (
				8591B978152FB63400628693 /* InfoPlist.strings in Resources */,
			);
			runOnlyForDeploymentPostprocessing = 0;
		};
/* End PBXResourcesBuildPhase section */

/* Begin PBXShellScriptBuildPhase section */
		8591B96A152FB63400628693 /* ShellScript */ = {
			isa = PBXShellScriptBuildPhase;
			buildActionMask = 2147483647;
			files = (
			);
			inputPaths = (
			);
			outputPaths = (
			);
			runOnlyForDeploymentPostprocessing = 0;
			shellPath = /bin/sh;
			shellScript = "# Run the unit tests in this test bundle.\n\"${SYSTEM_DEVELOPER_DIR}/Tools/RunUnitTests\"\n";
		};
/* End PBXShellScriptBuildPhase section */

/* Begin PBXSourcesBuildPhase section */
		8591B94D152FB63400628693 /* Sources */ = {
			isa = PBXSourcesBuildPhase;
			buildActionMask = 2147483647;
			files = (
				8591B962152FB63400628693 /* main.m in Sources */,
				8591B966152FB63400628693 /* AppDelegate.m in Sources */,
			);
			runOnlyForDeploymentPostprocessing = 0;
		};
		8591B967152FB63400628693 /* Sources */ = {
			isa = PBXSourcesBuildPhase;
			buildActionMask = 2147483647;
			files = (
				8591B97B152FB63400628693 /* YouponTests.m in Sources */,
			);
			runOnlyForDeploymentPostprocessing = 0;
		};
/* End PBXSourcesBuildPhase section */

/* Begin PBXTargetDependency section */
		8591B972152FB63400628693 /* PBXTargetDependency */ = {
			isa = PBXTargetDependency;
			target = 8591B950152FB63400628693 /* Youpon */;
			targetProxy = 8591B971152FB63400628693 /* PBXContainerItemProxy */;
		};
/* End PBXTargetDependency section */

/* Begin PBXVariantGroup section */
		8591B95E152FB63400628693 /* InfoPlist.strings */ = {
			isa = PBXVariantGroup;
			children = (
				8591B95F152FB63400628693 /* en */,
			);
			name = InfoPlist.strings;
			sourceTree = "<group>";
		};
		8591B976152FB63400628693 /* InfoPlist.strings */ = {
			isa = PBXVariantGroup;
			children = (
				8591B977152FB63400628693 /* en */,
			);
			name = InfoPlist.strings;
			sourceTree = "<group>";
		};
/* End PBXVariantGroup section */

/* Begin XCBuildConfiguration section */
		8591B97C152FB63400628693 /* Debug */ = {
			isa = XCBuildConfiguration;
			buildSettings = {
				ALWAYS_SEARCH_USER_PATHS = NO;
				ARCHS = "$(ARCHS_STANDARD_32_BIT)";
				"CODE_SIGN_IDENTITY[sdk=iphoneos*]" = "iPhone Developer";
				COPY_PHASE_STRIP = NO;
				GCC_C_LANGUAGE_STANDARD = gnu99;
				GCC_DYNAMIC_NO_PIC = NO;
				GCC_OPTIMIZATION_LEVEL = 0;
				GCC_PREPROCESSOR_DEFINITIONS = (
					"DEBUG=1",
					"$(inherited)",
				);
				GCC_SYMBOLS_PRIVATE_EXTERN = NO;
				GCC_VERSION = com.apple.compilers.llvm.clang.1_0;
				GCC_WARN_ABOUT_MISSING_PROTOTYPES = YES;
				GCC_WARN_ABOUT_RETURN_TYPE = YES;
				GCC_WARN_UNUSED_VARIABLE = YES;
				IPHONEOS_DEPLOYMENT_TARGET = 5.0;
				SDKROOT = iphoneos;
			};
			name = Debug;
		};
		8591B97D152FB63400628693 /* Release */ = {
			isa = XCBuildConfiguration;
			buildSettings = {
				ALWAYS_SEARCH_USER_PATHS = NO;
				ARCHS = "$(ARCHS_STANDARD_32_BIT)";
				"CODE_SIGN_IDENTITY[sdk=iphoneos*]" = "iPhone Developer";
				COPY_PHASE_STRIP = YES;
				GCC_C_LANGUAGE_STANDARD = gnu99;
				GCC_VERSION = com.apple.compilers.llvm.clang.1_0;
				GCC_WARN_ABOUT_MISSING_PROTOTYPES = YES;
				GCC_WARN_ABOUT_RETURN_TYPE = YES;
				GCC_WARN_UNUSED_VARIABLE = YES;
				IPHONEOS_DEPLOYMENT_TARGET = 5.0;
				OTHER_CFLAGS = "-DNS_BLOCK_ASSERTIONS=1";
				SDKROOT = iphoneos;
				VALIDATE_PRODUCT = YES;
			};
			name = Release;
		};
		8591B97F152FB63400628693 /* Debug */ = {
			isa = XCBuildConfiguration;
			buildSettings = {
				GCC_PRECOMPILE_PREFIX_HEADER = YES;
				GCC_PREFIX_HEADER = "Youpon/Youpon-Prefix.pch";
				INFOPLIST_FILE = "Youpon/Youpon-Info.plist";
				PRODUCT_NAME = "$(TARGET_NAME)";
				WRAPPER_EXTENSION = app;
			};
			name = Debug;
		};
		8591B980152FB63400628693 /* Release */ = {
			isa = XCBuildConfiguration;
			buildSettings = {
				GCC_PRECOMPILE_PREFIX_HEADER = YES;
				GCC_PREFIX_HEADER = "Youpon/Youpon-Prefix.pch";
				INFOPLIST_FILE = "Youpon/Youpon-Info.plist";
				PRODUCT_NAME = "$(TARGET_NAME)";
				WRAPPER_EXTENSION = app;
			};
			name = Release;
		};
		8591B982152FB63400628693 /* Debug */ = {
			isa = XCBuildConfiguration;
			buildSettings = {
				BUNDLE_LOADER = "$(BUILT_PRODUCTS_DIR)/Youpon.app/Youpon";
				FRAMEWORK_SEARCH_PATHS = (
					"$(SDKROOT)/Developer/Library/Frameworks",
					"$(DEVELOPER_LIBRARY_DIR)/Frameworks",
				);
				GCC_PRECOMPILE_PREFIX_HEADER = YES;
				GCC_PREFIX_HEADER = "Youpon/Youpon-Prefix.pch";
				INFOPLIST_FILE = "YouponTests/YouponTests-Info.plist";
				PRODUCT_NAME = "$(TARGET_NAME)";
				TEST_HOST = "$(BUNDLE_LOADER)";
				WRAPPER_EXTENSION = octest;
			};
			name = Debug;
		};
		8591B983152FB63400628693 /* Release */ = {
			isa = XCBuildConfiguration;
			buildSettings = {
				BUNDLE_LOADER = "$(BUILT_PRODUCTS_DIR)/Youpon.app/Youpon";
				FRAMEWORK_SEARCH_PATHS = (
					"$(SDKROOT)/Developer/Library/Frameworks",
					"$(DEVELOPER_LIBRARY_DIR)/Frameworks",
				);
				GCC_PRECOMPILE_PREFIX_HEADER = YES;
				GCC_PREFIX_HEADER = "Youpon/Youpon-Prefix.pch";
				INFOPLIST_FILE = "YouponTests/YouponTests-Info.plist";
				PRODUCT_NAME = "$(TARGET_NAME)";
				TEST_HOST = "$(BUNDLE_LOADER)";
				WRAPPER_EXTENSION = octest;
			};
			name = Release;
		};
/* End XCBuildConfiguration section */

/* Begin XCConfigurationList section */
		8591B94B152FB63400628693 /* Build configuration list for PBXProject "Youpon" */ = {
			isa = XCConfigurationList;
			buildConfigurations = (
				8591B97C152FB63400628693 /* Debug */,
				8591B97D152FB63400628693 /* Release */,
			);
			defaultConfigurationIsVisible = 0;
			defaultConfigurationName = Release;
		};
		8591B97E152FB63400628693 /* Build configuration list for PBXNativeTarget "Youpon" */ = {
			isa = XCConfigurationList;
			buildConfigurations = (
				8591B97F152FB63400628693 /* Debug */,
				8591B980152FB63400628693 /* Release */,
			);
			defaultConfigurationIsVisible = 0;
		};
		8591B981152FB63400628693 /* Build configuration list for PBXNativeTarget "YouponTests" */ = {
			isa = XCConfigurationList;
			buildConfigurations = (
				8591B982152FB63400628693 /* Debug */,
				8591B983152FB63400628693 /* Release */,
			);
			defaultConfigurationIsVisible = 0;
		};
/* End XCConfigurationList section */
	};
	rootObject = 8591B948152FB63400628693 /* Project object */;
}
