// !$*UTF8*$!
{
	archiveVersion = 1;
	classes = {
	};
	objectVersion = 46;
	objects = {

/* Begin PBXBuildFile section */
		85A09B8713E9EF24008AC0F3 /* UIKit.framework in Frameworks */ = {isa = PBXBuildFile; fileRef = 85A09B8613E9EF24008AC0F3 /* UIKit.framework */; };
		85A09B8913E9EF24008AC0F3 /* Foundation.framework in Frameworks */ = {isa = PBXBuildFile; fileRef = 85A09B8813E9EF24008AC0F3 /* Foundation.framework */; };
		85A09B8B13E9EF24008AC0F3 /* CoreGraphics.framework in Frameworks */ = {isa = PBXBuildFile; fileRef = 85A09B8A13E9EF24008AC0F3 /* CoreGraphics.framework */; };
		85A09B9113E9EF24008AC0F3 /* InfoPlist.strings in Resources */ = {isa = PBXBuildFile; fileRef = 85A09B8F13E9EF24008AC0F3 /* InfoPlist.strings */; };
		85A09B9413E9EF24008AC0F3 /* main.m in Sources */ = {isa = PBXBuildFile; fileRef = 85A09B9313E9EF24008AC0F3 /* main.m */; };
		85A09B9713E9EF24008AC0F3 /* YouponAppDelegate.m in Sources */ = {isa = PBXBuildFile; fileRef = 85A09B9613E9EF24008AC0F3 /* YouponAppDelegate.m */; };
		85A09B9A13E9EF24008AC0F3 /* MainWindow.xib in Resources */ = {isa = PBXBuildFile; fileRef = 85A09B9813E9EF24008AC0F3 /* MainWindow.xib */; };
		85A09BA113E9EF24008AC0F3 /* UIKit.framework in Frameworks */ = {isa = PBXBuildFile; fileRef = 85A09B8613E9EF24008AC0F3 /* UIKit.framework */; };
		85A09BA213E9EF24008AC0F3 /* Foundation.framework in Frameworks */ = {isa = PBXBuildFile; fileRef = 85A09B8813E9EF24008AC0F3 /* Foundation.framework */; };
		85A09BA313E9EF24008AC0F3 /* CoreGraphics.framework in Frameworks */ = {isa = PBXBuildFile; fileRef = 85A09B8A13E9EF24008AC0F3 /* CoreGraphics.framework */; };
		85A09BAB13E9EF24008AC0F3 /* InfoPlist.strings in Resources */ = {isa = PBXBuildFile; fileRef = 85A09BA913E9EF24008AC0F3 /* InfoPlist.strings */; };
		85A09BAE13E9EF24008AC0F3 /* YouponTests.h in Resources */ = {isa = PBXBuildFile; fileRef = 85A09BAD13E9EF24008AC0F3 /* YouponTests.h */; };
		85A09BB013E9EF24008AC0F3 /* YouponTests.m in Sources */ = {isa = PBXBuildFile; fileRef = 85A09BAF13E9EF24008AC0F3 /* YouponTests.m */; };
/* End PBXBuildFile section */

/* Begin PBXContainerItemProxy section */
		85A09BA413E9EF24008AC0F3 /* PBXContainerItemProxy */ = {
			isa = PBXContainerItemProxy;
			containerPortal = 85A09B7913E9EF24008AC0F3 /* Project object */;
			proxyType = 1;
			remoteGlobalIDString = 85A09B8113E9EF24008AC0F3;
			remoteInfo = Youpon;
		};
/* End PBXContainerItemProxy section */

/* Begin PBXFileReference section */
		85A09B8213E9EF24008AC0F3 /* Youpon.app */ = {isa = PBXFileReference; explicitFileType = wrapper.application; includeInIndex = 0; path = Youpon.app; sourceTree = BUILT_PRODUCTS_DIR; };
		85A09B8613E9EF24008AC0F3 /* UIKit.framework */ = {isa = PBXFileReference; lastKnownFileType = wrapper.framework; name = UIKit.framework; path = System/Library/Frameworks/UIKit.framework; sourceTree = SDKROOT; };
		85A09B8813E9EF24008AC0F3 /* Foundation.framework */ = {isa = PBXFileReference; lastKnownFileType = wrapper.framework; name = Foundation.framework; path = System/Library/Frameworks/Foundation.framework; sourceTree = SDKROOT; };
		85A09B8A13E9EF24008AC0F3 /* CoreGraphics.framework */ = {isa = PBXFileReference; lastKnownFileType = wrapper.framework; name = CoreGraphics.framework; path = System/Library/Frameworks/CoreGraphics.framework; sourceTree = SDKROOT; };
		85A09B8E13E9EF24008AC0F3 /* Youpon-Info.plist */ = {isa = PBXFileReference; lastKnownFileType = text.plist.xml; path = "Youpon-Info.plist"; sourceTree = "<group>"; };
		85A09B9013E9EF24008AC0F3 /* en */ = {isa = PBXFileReference; lastKnownFileType = text.plist.strings; name = en; path = en.lproj/InfoPlist.strings; sourceTree = "<group>"; };
		85A09B9213E9EF24008AC0F3 /* Youpon-Prefix.pch */ = {isa = PBXFileReference; lastKnownFileType = sourcecode.c.h; path = "Youpon-Prefix.pch"; sourceTree = "<group>"; };
		85A09B9313E9EF24008AC0F3 /* main.m */ = {isa = PBXFileReference; lastKnownFileType = sourcecode.c.objc; path = main.m; sourceTree = "<group>"; };
		85A09B9513E9EF24008AC0F3 /* YouponAppDelegate.h */ = {isa = PBXFileReference; lastKnownFileType = sourcecode.c.h; path = YouponAppDelegate.h; sourceTree = "<group>"; };
		85A09B9613E9EF24008AC0F3 /* YouponAppDelegate.m */ = {isa = PBXFileReference; lastKnownFileType = sourcecode.c.objc; path = YouponAppDelegate.m; sourceTree = "<group>"; };
		85A09B9913E9EF24008AC0F3 /* en */ = {isa = PBXFileReference; lastKnownFileType = file.xib; name = en; path = en.lproj/MainWindow.xib; sourceTree = "<group>"; };
		85A09BA013E9EF24008AC0F3 /* YouponTests.octest */ = {isa = PBXFileReference; explicitFileType = wrapper.cfbundle; includeInIndex = 0; path = YouponTests.octest; sourceTree = BUILT_PRODUCTS_DIR; };
		85A09BA813E9EF24008AC0F3 /* YouponTests-Info.plist */ = {isa = PBXFileReference; lastKnownFileType = text.plist.xml; path = "YouponTests-Info.plist"; sourceTree = "<group>"; };
		85A09BAA13E9EF24008AC0F3 /* en */ = {isa = PBXFileReference; lastKnownFileType = text.plist.strings; name = en; path = en.lproj/InfoPlist.strings; sourceTree = "<group>"; };
		85A09BAC13E9EF24008AC0F3 /* YouponTests-Prefix.pch */ = {isa = PBXFileReference; lastKnownFileType = sourcecode.c.h; path = "YouponTests-Prefix.pch"; sourceTree = "<group>"; };
		85A09BAD13E9EF24008AC0F3 /* YouponTests.h */ = {isa = PBXFileReference; lastKnownFileType = sourcecode.c.h; path = YouponTests.h; sourceTree = "<group>"; };
		85A09BAF13E9EF24008AC0F3 /* YouponTests.m */ = {isa = PBXFileReference; lastKnownFileType = sourcecode.c.objc; path = YouponTests.m; sourceTree = "<group>"; };
/* End PBXFileReference section */

/* Begin PBXFrameworksBuildPhase section */
		85A09B7F13E9EF24008AC0F3 /* Frameworks */ = {
			isa = PBXFrameworksBuildPhase;
			buildActionMask = 2147483647;
			files = (
				85A09B8713E9EF24008AC0F3 /* UIKit.framework in Frameworks */,
				85A09B8913E9EF24008AC0F3 /* Foundation.framework in Frameworks */,
				85A09B8B13E9EF24008AC0F3 /* CoreGraphics.framework in Frameworks */,
			);
			runOnlyForDeploymentPostprocessing = 0;
		};
		85A09B9C13E9EF24008AC0F3 /* Frameworks */ = {
			isa = PBXFrameworksBuildPhase;
			buildActionMask = 2147483647;
			files = (
				85A09BA113E9EF24008AC0F3 /* UIKit.framework in Frameworks */,
				85A09BA213E9EF24008AC0F3 /* Foundation.framework in Frameworks */,
				85A09BA313E9EF24008AC0F3 /* CoreGraphics.framework in Frameworks */,
			);
			runOnlyForDeploymentPostprocessing = 0;
		};
/* End PBXFrameworksBuildPhase section */

/* Begin PBXGroup section */
		85A09B7713E9EF24008AC0F3 = {
			isa = PBXGroup;
			children = (
				85A09B8C13E9EF24008AC0F3 /* Youpon */,
				85A09BA613E9EF24008AC0F3 /* YouponTests */,
				85A09B8513E9EF24008AC0F3 /* Frameworks */,
				85A09B8313E9EF24008AC0F3 /* Products */,
			);
			sourceTree = "<group>";
		};
		85A09B8313E9EF24008AC0F3 /* Products */ = {
			isa = PBXGroup;
			children = (
				85A09B8213E9EF24008AC0F3 /* Youpon.app */,
				85A09BA013E9EF24008AC0F3 /* YouponTests.octest */,
			);
			name = Products;
			sourceTree = "<group>";
		};
		85A09B8513E9EF24008AC0F3 /* Frameworks */ = {
			isa = PBXGroup;
			children = (
				85A09B8613E9EF24008AC0F3 /* UIKit.framework */,
				85A09B8813E9EF24008AC0F3 /* Foundation.framework */,
				85A09B8A13E9EF24008AC0F3 /* CoreGraphics.framework */,
			);
			name = Frameworks;
			sourceTree = "<group>";
		};
		85A09B8C13E9EF24008AC0F3 /* Youpon */ = {
			isa = PBXGroup;
			children = (
				85A09B9513E9EF24008AC0F3 /* YouponAppDelegate.h */,
				85A09B9613E9EF24008AC0F3 /* YouponAppDelegate.m */,
				85A09B9813E9EF24008AC0F3 /* MainWindow.xib */,
				85A09B8D13E9EF24008AC0F3 /* Supporting Files */,
			);
			path = Youpon;
			sourceTree = "<group>";
		};
		85A09B8D13E9EF24008AC0F3 /* Supporting Files */ = {
			isa = PBXGroup;
			children = (
				85A09B8E13E9EF24008AC0F3 /* Youpon-Info.plist */,
				85A09B8F13E9EF24008AC0F3 /* InfoPlist.strings */,
				85A09B9213E9EF24008AC0F3 /* Youpon-Prefix.pch */,
				85A09B9313E9EF24008AC0F3 /* main.m */,
			);
			name = "Supporting Files";
			sourceTree = "<group>";
		};
		85A09BA613E9EF24008AC0F3 /* YouponTests */ = {
			isa = PBXGroup;
			children = (
				85A09BAD13E9EF24008AC0F3 /* YouponTests.h */,
				85A09BAF13E9EF24008AC0F3 /* YouponTests.m */,
				85A09BA713E9EF24008AC0F3 /* Supporting Files */,
			);
			path = YouponTests;
			sourceTree = "<group>";
		};
		85A09BA713E9EF24008AC0F3 /* Supporting Files */ = {
			isa = PBXGroup;
			children = (
				85A09BA813E9EF24008AC0F3 /* YouponTests-Info.plist */,
				85A09BA913E9EF24008AC0F3 /* InfoPlist.strings */,
				85A09BAC13E9EF24008AC0F3 /* YouponTests-Prefix.pch */,
			);
			name = "Supporting Files";
			sourceTree = "<group>";
		};
/* End PBXGroup section */

/* Begin PBXNativeTarget section */
		85A09B8113E9EF24008AC0F3 /* Youpon */ = {
			isa = PBXNativeTarget;
			buildConfigurationList = 85A09BB313E9EF24008AC0F3 /* Build configuration list for PBXNativeTarget "Youpon" */;
			buildPhases = (
				85A09B7E13E9EF24008AC0F3 /* Sources */,
				85A09B7F13E9EF24008AC0F3 /* Frameworks */,
				85A09B8013E9EF24008AC0F3 /* Resources */,
			);
			buildRules = (
			);
			dependencies = (
			);
			name = Youpon;
			productName = Youpon;
			productReference = 85A09B8213E9EF24008AC0F3 /* Youpon.app */;
			productType = "com.apple.product-type.application";
		};
		85A09B9F13E9EF24008AC0F3 /* YouponTests */ = {
			isa = PBXNativeTarget;
			buildConfigurationList = 85A09BB613E9EF24008AC0F3 /* Build configuration list for PBXNativeTarget "YouponTests" */;
			buildPhases = (
				85A09B9B13E9EF24008AC0F3 /* Sources */,
				85A09B9C13E9EF24008AC0F3 /* Frameworks */,
				85A09B9D13E9EF24008AC0F3 /* Resources */,
				85A09B9E13E9EF24008AC0F3 /* ShellScript */,
			);
			buildRules = (
			);
			dependencies = (
				85A09BA513E9EF24008AC0F3 /* PBXTargetDependency */,
			);
			name = YouponTests;
			productName = YouponTests;
			productReference = 85A09BA013E9EF24008AC0F3 /* YouponTests.octest */;
			productType = "com.apple.product-type.bundle";
		};
/* End PBXNativeTarget section */

/* Begin PBXProject section */
		85A09B7913E9EF24008AC0F3 /* Project object */ = {
			isa = PBXProject;
			attributes = {
				ORGANIZATIONNAME = "Garrison Prinslow";
			};
			buildConfigurationList = 85A09B7C13E9EF24008AC0F3 /* Build configuration list for PBXProject "Youpon" */;
			compatibilityVersion = "Xcode 3.2";
			developmentRegion = English;
			hasScannedForEncodings = 0;
			knownRegions = (
				en,
			);
			mainGroup = 85A09B7713E9EF24008AC0F3;
			productRefGroup = 85A09B8313E9EF24008AC0F3 /* Products */;
			projectDirPath = "";
			projectRoot = "";
			targets = (
				85A09B8113E9EF24008AC0F3 /* Youpon */,
				85A09B9F13E9EF24008AC0F3 /* YouponTests */,
			);
		};
/* End PBXProject section */

/* Begin PBXResourcesBuildPhase section */
		85A09B8013E9EF24008AC0F3 /* Resources */ = {
			isa = PBXResourcesBuildPhase;
			buildActionMask = 2147483647;
			files = (
				85A09B9113E9EF24008AC0F3 /* InfoPlist.strings in Resources */,
				85A09B9A13E9EF24008AC0F3 /* MainWindow.xib in Resources */,
			);
			runOnlyForDeploymentPostprocessing = 0;
		};
		85A09B9D13E9EF24008AC0F3 /* Resources */ = {
			isa = PBXResourcesBuildPhase;
			buildActionMask = 2147483647;
			files = (
				85A09BAB13E9EF24008AC0F3 /* InfoPlist.strings in Resources */,
				85A09BAE13E9EF24008AC0F3 /* YouponTests.h in Resources */,
			);
			runOnlyForDeploymentPostprocessing = 0;
		};
/* End PBXResourcesBuildPhase section */

/* Begin PBXShellScriptBuildPhase section */
		85A09B9E13E9EF24008AC0F3 /* ShellScript */ = {
			isa = PBXShellScriptBuildPhase;
			buildActionMask = 2147483647;
			files = (
			);
			inputPaths = (
			);
			outputPaths = (
			);
			runOnlyForDeploymentPostprocessing = 0;
			shellPath = /bin/sh;
			shellScript = "# Run the unit tests in this test bundle.\n\"${SYSTEM_DEVELOPER_DIR}/Tools/RunUnitTests\"\n";
		};
/* End PBXShellScriptBuildPhase section */

/* Begin PBXSourcesBuildPhase section */
		85A09B7E13E9EF24008AC0F3 /* Sources */ = {
			isa = PBXSourcesBuildPhase;
			buildActionMask = 2147483647;
			files = (
				85A09B9413E9EF24008AC0F3 /* main.m in Sources */,
				85A09B9713E9EF24008AC0F3 /* YouponAppDelegate.m in Sources */,
			);
			runOnlyForDeploymentPostprocessing = 0;
		};
		85A09B9B13E9EF24008AC0F3 /* Sources */ = {
			isa = PBXSourcesBuildPhase;
			buildActionMask = 2147483647;
			files = (
				85A09BB013E9EF24008AC0F3 /* YouponTests.m in Sources */,
			);
			runOnlyForDeploymentPostprocessing = 0;
		};
/* End PBXSourcesBuildPhase section */

/* Begin PBXTargetDependency section */
		85A09BA513E9EF24008AC0F3 /* PBXTargetDependency */ = {
			isa = PBXTargetDependency;
			target = 85A09B8113E9EF24008AC0F3 /* Youpon */;
			targetProxy = 85A09BA413E9EF24008AC0F3 /* PBXContainerItemProxy */;
		};
/* End PBXTargetDependency section */

/* Begin PBXVariantGroup section */
		85A09B8F13E9EF24008AC0F3 /* InfoPlist.strings */ = {
			isa = PBXVariantGroup;
			children = (
				85A09B9013E9EF24008AC0F3 /* en */,
			);
			name = InfoPlist.strings;
			sourceTree = "<group>";
		};
		85A09B9813E9EF24008AC0F3 /* MainWindow.xib */ = {
			isa = PBXVariantGroup;
			children = (
				85A09B9913E9EF24008AC0F3 /* en */,
			);
			name = MainWindow.xib;
			sourceTree = "<group>";
		};
		85A09BA913E9EF24008AC0F3 /* InfoPlist.strings */ = {
			isa = PBXVariantGroup;
			children = (
				85A09BAA13E9EF24008AC0F3 /* en */,
			);
			name = InfoPlist.strings;
			sourceTree = "<group>";
		};
/* End PBXVariantGroup section */

/* Begin XCBuildConfiguration section */
		85A09BB113E9EF24008AC0F3 /* Debug */ = {
			isa = XCBuildConfiguration;
			buildSettings = {
				ARCHS = "$(ARCHS_STANDARD_32_BIT)";
				"CODE_SIGN_IDENTITY[sdk=iphoneos*]" = "iPhone Developer";
				GCC_C_LANGUAGE_STANDARD = gnu99;
				GCC_OPTIMIZATION_LEVEL = 0;
				GCC_PREPROCESSOR_DEFINITIONS = DEBUG;
				GCC_SYMBOLS_PRIVATE_EXTERN = NO;
				GCC_VERSION = com.apple.compilers.llvmgcc42;
				GCC_WARN_ABOUT_RETURN_TYPE = YES;
				GCC_WARN_UNUSED_VARIABLE = YES;
				IPHONEOS_DEPLOYMENT_TARGET = 4.3;
				SDKROOT = iphoneos;
			};
			name = Debug;
		};
		85A09BB213E9EF24008AC0F3 /* Release */ = {
			isa = XCBuildConfiguration;
			buildSettings = {
				ARCHS = "$(ARCHS_STANDARD_32_BIT)";
				"CODE_SIGN_IDENTITY[sdk=iphoneos*]" = "iPhone Developer";
				GCC_C_LANGUAGE_STANDARD = gnu99;
				GCC_VERSION = com.apple.compilers.llvmgcc42;
				GCC_WARN_ABOUT_RETURN_TYPE = YES;
				GCC_WARN_UNUSED_VARIABLE = YES;
				IPHONEOS_DEPLOYMENT_TARGET = 4.3;
				OTHER_CFLAGS = "-DNS_BLOCK_ASSERTIONS=1";
				SDKROOT = iphoneos;
			};
			name = Release;
		};
		85A09BB413E9EF24008AC0F3 /* Debug */ = {
			isa = XCBuildConfiguration;
			buildSettings = {
				ALWAYS_SEARCH_USER_PATHS = NO;
				COPY_PHASE_STRIP = NO;
				GCC_DYNAMIC_NO_PIC = NO;
				GCC_PRECOMPILE_PREFIX_HEADER = YES;
				GCC_PREFIX_HEADER = "Youpon/Youpon-Prefix.pch";
				INFOPLIST_FILE = "Youpon/Youpon-Info.plist";
				PRODUCT_NAME = "$(TARGET_NAME)";
				WRAPPER_EXTENSION = app;
			};
			name = Debug;
		};
		85A09BB513E9EF24008AC0F3 /* Release */ = {
			isa = XCBuildConfiguration;
			buildSettings = {
				ALWAYS_SEARCH_USER_PATHS = NO;
				COPY_PHASE_STRIP = YES;
				GCC_PRECOMPILE_PREFIX_HEADER = YES;
				GCC_PREFIX_HEADER = "Youpon/Youpon-Prefix.pch";
				INFOPLIST_FILE = "Youpon/Youpon-Info.plist";
				PRODUCT_NAME = "$(TARGET_NAME)";
				VALIDATE_PRODUCT = YES;
				WRAPPER_EXTENSION = app;
			};
			name = Release;
		};
		85A09BB713E9EF24008AC0F3 /* Debug */ = {
			isa = XCBuildConfiguration;
			buildSettings = {
				ALWAYS_SEARCH_USER_PATHS = NO;
				BUNDLE_LOADER = "$(BUILT_PRODUCTS_DIR)/Youpon.app/Youpon";
				FRAMEWORK_SEARCH_PATHS = (
					"$(SDKROOT)/Developer/Library/Frameworks",
					"$(DEVELOPER_LIBRARY_DIR)/Frameworks",
				);
				GCC_PRECOMPILE_PREFIX_HEADER = YES;
				GCC_PREFIX_HEADER = "YouponTests/YouponTests-Prefix.pch";
				INFOPLIST_FILE = "YouponTests/YouponTests-Info.plist";
				OTHER_LDFLAGS = (
					"-framework",
					SenTestingKit,
				);
				PRODUCT_NAME = "$(TARGET_NAME)";
				TEST_HOST = "$(BUNDLE_LOADER)";
				WRAPPER_EXTENSION = octest;
			};
			name = Debug;
		};
		85A09BB813E9EF24008AC0F3 /* Release */ = {
			isa = XCBuildConfiguration;
			buildSettings = {
				ALWAYS_SEARCH_USER_PATHS = NO;
				BUNDLE_LOADER = "$(BUILT_PRODUCTS_DIR)/Youpon.app/Youpon";
				FRAMEWORK_SEARCH_PATHS = (
					"$(SDKROOT)/Developer/Library/Frameworks",
					"$(DEVELOPER_LIBRARY_DIR)/Frameworks",
				);
				GCC_PRECOMPILE_PREFIX_HEADER = YES;
				GCC_PREFIX_HEADER = "YouponTests/YouponTests-Prefix.pch";
				INFOPLIST_FILE = "YouponTests/YouponTests-Info.plist";
				OTHER_LDFLAGS = (
					"-framework",
					SenTestingKit,
				);
				PRODUCT_NAME = "$(TARGET_NAME)";
				TEST_HOST = "$(BUNDLE_LOADER)";
				WRAPPER_EXTENSION = octest;
			};
			name = Release;
		};
/* End XCBuildConfiguration section */

/* Begin XCConfigurationList section */
		85A09B7C13E9EF24008AC0F3 /* Build configuration list for PBXProject "Youpon" */ = {
			isa = XCConfigurationList;
			buildConfigurations = (
				85A09BB113E9EF24008AC0F3 /* Debug */,
				85A09BB213E9EF24008AC0F3 /* Release */,
			);
			defaultConfigurationIsVisible = 0;
			defaultConfigurationName = Release;
		};
		85A09BB313E9EF24008AC0F3 /* Build configuration list for PBXNativeTarget "Youpon" */ = {
			isa = XCConfigurationList;
			buildConfigurations = (
				85A09BB413E9EF24008AC0F3 /* Debug */,
				85A09BB513E9EF24008AC0F3 /* Release */,
			);
			defaultConfigurationIsVisible = 0;
		};
		85A09BB613E9EF24008AC0F3 /* Build configuration list for PBXNativeTarget "YouponTests" */ = {
			isa = XCConfigurationList;
			buildConfigurations = (
				85A09BB713E9EF24008AC0F3 /* Debug */,
				85A09BB813E9EF24008AC0F3 /* Release */,
			);
			defaultConfigurationIsVisible = 0;
		};
/* End XCConfigurationList section */
	};
	rootObject = 85A09B7913E9EF24008AC0F3 /* Project object */;
}
